
Microsoft Visual Studio Solution File, Format Version 12.00
# Visual Studio Version 17
VisualStudioVersion = 17.6.33829.357
MinimumVisualStudioVersion = 10.0.40219.1
Project("{FAE04EC0-301F-11D3-BF4B-00C04F79EFBC}") = "BlogApplication", "BlogApplication\BlogApplication.csproj", "{0CEA0C8E-6E6C-4F20-A540-4AB77E08C285}"
EndProject
Project("{FAE04EC0-301F-11D3-BF4B-00C04F79EFBC}") = "BlogLab.Models", "BlogLab.Models\BlogLab.Models.csproj", "{4FE24DFE-2F92-4869-8425-FB99755FB57D}"
EndProject
Project("{FAE04EC0-301F-11D3-BF4B-00C04F79EFBC}") = "BlogLab.Repository", "BlogLab.Repository\BlogLab.Repository.csproj", "{8B970315-C2BD-4D5F-A7AA-1F3E1593C807}"
EndProject
Project("{FAE04EC0-301F-11D3-BF4B-00C04F79EFBC}") = "BlogLab.Identity", "BlogLab.Identity\BlogLab.Identity.csproj", "{464EB3F0-DF4D-4F4C-AF20-BE39567EDC81}"
EndProject
Project("{FAE04EC0-301F-11D3-BF4B-00C04F79EFBC}") = "BlogLab.Services", "BlogLab.Services\BlogLab.Services.csproj", "{F76E1F68-7098-474D-A12D-67B66B81C3E6}"
EndProject
Global
	GlobalSection(SolutionConfigurationPlatforms) = preSolution
		Debug|Any CPU = Debug|Any CPU
		Release|Any CPU = Release|Any CPU
	EndGlobalSection
	GlobalSection(ProjectConfigurationPlatforms) = postSolution
		{0CEA0C8E-6E6C-4F20-A540-4AB77E08C285}.Debug|Any CPU.ActiveCfg = Debug|Any CPU
		{0CEA0C8E-6E6C-4F20-A540-4AB77E08C285}.Debug|Any CPU.Build.0 = Debug|Any CPU
		{0CEA0C8E-6E6C-4F20-A540-4AB77E08C285}.Release|Any CPU.ActiveCfg = Release|Any CPU
		{0CEA0C8E-6E6C-4F20-A540-4AB77E08C285}.Release|Any CPU.Build.0 = Release|Any CPU
		{4FE24DFE-2F92-4869-8425-FB99755FB57D}.Debug|Any CPU.ActiveCfg = Debug|Any CPU
		{4FE24DFE-2F92-4869-8425-FB99755FB57D}.Debug|Any CPU.Build.0 = Debug|Any CPU
		{4FE24DFE-2F92-4869-8425-FB99755FB57D}.Release|Any CPU.ActiveCfg = Release|Any CPU
		{4FE24DFE-2F92-4869-8425-FB99755FB57D}.Release|Any CPU.Build.0 = Release|Any CPU
		{8B970315-C2BD-4D5F-A7AA-1F3E1593C807}.Debug|Any CPU.ActiveCfg = Debug|Any CPU
		{8B970315-C2BD-4D5F-A7AA-1F3E1593C807}.Debug|Any CPU.Build.0 = Debug|Any CPU
		{8B970315-C2BD-4D5F-A7AA-1F3E1593C807}.Release|Any CPU.ActiveCfg = Release|Any CPU
		{8B970315-C2BD-4D5F-A7AA-1F3E1593C807}.Release|Any CPU.Build.0 = Release|Any CPU
		{464EB3F0-DF4D-4F4C-AF20-BE39567EDC81}.Debug|Any CPU.ActiveCfg = Debug|Any CPU
		{464EB3F0-DF4D-4F4C-AF20-BE39567EDC81}.Debug|Any CPU.Build.0 = Debug|Any CPU
		{464EB3F0-DF4D-4F4C-AF20-BE39567EDC81}.Release|Any CPU.ActiveCfg = Release|Any CPU
		{464EB3F0-DF4D-4F4C-AF20-BE39567EDC81}.Release|Any CPU.Build.0 = Release|Any CPU
		{F76E1F68-7098-474D-A12D-67B66B81C3E6}.Debug|Any CPU.ActiveCfg = Debug|Any CPU
		{F76E1F68-7098-474D-A12D-67B66B81C3E6}.Debug|Any CPU.Build.0 = Debug|Any CPU
		{F76E1F68-7098-474D-A12D-67B66B81C3E6}.Release|Any CPU.ActiveCfg = Release|Any CPU
		{F76E1F68-7098-474D-A12D-67B66B81C3E6}.Release|Any CPU.Build.0 = Release|Any CPU
	EndGlobalSection
	GlobalSection(SolutionProperties) = preSolution
		HideSolutionNode = FALSE
	EndGlobalSection
	GlobalSection(ExtensibilityGlobals) = postSolution
		SolutionGuid = {A1527B32-416D-423E-A0D1-0D34E0AE3681}
	EndGlobalSection
EndGlobal
